// !$*UTF8*$!
{
	archiveVersion = 1;
	classes = {
	};
	objectVersion = 50;
	objects = {

/* Begin PBXBuildFile section */
		DD713F7021D0DDF500F44956 /* Main.storyboard in Resources */ = {isa = PBXBuildFile; fileRef = DD713F6E21D0DDF500F44956 /* Main.storyboard */; settings = {ASSET_TAGS = (stack1, ); }; };
		DD713F7521D0DDF900F44956 /* LaunchScreen.storyboard in Resources */ = {isa = PBXBuildFile; fileRef = DD713F7321D0DDF900F44956 /* LaunchScreen.storyboard */; };
		DDE39BCA228D2C7600237381 /* gif in Resources */ = {isa = PBXBuildFile; fileRef = DDE39BC9228D2C7600237381 /* gif */; };
		DDF45E11228B0CFA00CD10F3 /* CYTTetromino.swift in Sources */ = {isa = PBXBuildFile; fileRef = DDF45E09228B0CF900CD10F3 /* CYTTetromino.swift */; };
		DDF45E12228B0CFA00CD10F3 /* CYTGame.swift in Sources */ = {isa = PBXBuildFile; fileRef = DDF45E0A228B0CF900CD10F3 /* CYTGame.swift */; };
		DDF45E13228B0CFA00CD10F3 /* CYTGameView.swift in Sources */ = {isa = PBXBuildFile; fileRef = DDF45E0B228B0CFA00CD10F3 /* CYTGameView.swift */; };
		DDF45E15228B0CFA00CD10F3 /* CYTAppDelegate.swift in Sources */ = {isa = PBXBuildFile; fileRef = DDF45E0D228B0CFA00CD10F3 /* CYTAppDelegate.swift */; };
		DDF45E16228B0CFA00CD10F3 /* CYTGameViewController.swift in Sources */ = {isa = PBXBuildFile; fileRef = DDF45E0E228B0CFA00CD10F3 /* CYTGameViewController.swift */; };
		DDF45E17228B0CFA00CD10F3 /* Assets.xcassets in Resources */ = {isa = PBXBuildFile; fileRef = DDF45E0F228B0CFA00CD10F3 /* Assets.xcassets */; };
/* End PBXBuildFile section */

/* Begin PBXFileReference section */
		DD713F6721D0DDF500F44956 /* ChenYuTetris.app */ = {isa = PBXFileReference; explicitFileType = wrapper.application; includeInIndex = 0; path = ChenYuTetris.app; sourceTree = BUILT_PRODUCTS_DIR; };
		DD713F6F21D0DDF500F44956 /* Base */ = {isa = PBXFileReference; lastKnownFileType = file.storyboard; name = Base; path = Base.lproj/Main.storyboard; sourceTree = "<group>"; };
		DD713F7421D0DDF900F44956 /* Base */ = {isa = PBXFileReference; lastKnownFileType = file.storyboard; name = Base; path = Base.lproj/LaunchScreen.storyboard; sourceTree = "<group>"; };
		DD713F7621D0DDF900F44956 /* Info.plist */ = {isa = PBXFileReference; lastKnownFileType = text.plist.xml; path = Info.plist; sourceTree = "<group>"; };
		DDE39BC9228D2C7600237381 /* gif */ = {isa = PBXFileReference; lastKnownFileType = folder; path = gif; sourceTree = "<group>"; };
		DDF437C7228BDE46006BFB86 /* README.md */ = {isa = PBXFileReference; lastKnownFileType = net.daringfireball.markdown; path = README.md; sourceTree = "<group>"; };
		DDF45E09228B0CF900CD10F3 /* CYTTetromino.swift */ = {isa = PBXFileReference; fileEncoding = 4; lastKnownFileType = sourcecode.swift; path = CYTTetromino.swift; sourceTree = "<group>"; };
		DDF45E0A228B0CF900CD10F3 /* CYTGame.swift */ = {isa = PBXFileReference; fileEncoding = 4; lastKnownFileType = sourcecode.swift; path = CYTGame.swift; sourceTree = "<group>"; };
		DDF45E0B228B0CFA00CD10F3 /* CYTGameView.swift */ = {isa = PBXFileReference; fileEncoding = 4; lastKnownFileType = sourcecode.swift; path = CYTGameView.swift; sourceTree = "<group>"; };
		DDF45E0D228B0CFA00CD10F3 /* CYTAppDelegate.swift */ = {isa = PBXFileReference; fileEncoding = 4; lastKnownFileType = sourcecode.swift; path = CYTAppDelegate.swift; sourceTree = "<group>"; };
		DDF45E0E228B0CFA00CD10F3 /* CYTGameViewController.swift */ = {isa = PBXFileReference; fileEncoding = 4; lastKnownFileType = sourcecode.swift; path = CYTGameViewController.swift; sourceTree = "<group>"; };
		DDF45E0F228B0CFA00CD10F3 /* Assets.xcassets */ = {isa = PBXFileReference; lastKnownFileType = folder.assetcatalog; path = Assets.xcassets; sourceTree = "<group>"; };
/* End PBXFileReference section */

/* Begin PBXFrameworksBuildPhase section */
		DD713F6421D0DDF500F44956 /* Frameworks */ = {
			isa = PBXFrameworksBuildPhase;
			buildActionMask = 2147483647;
			files = (
			);
			runOnlyForDeploymentPostprocessing = 0;
		};
/* End PBXFrameworksBuildPhase section */

/* Begin PBXGroup section */
		DD713F5E21D0DDF500F44956 = {
			isa = PBXGroup;
			children = (
				DDF437C7228BDE46006BFB86 /* README.md */,
				DDE39BC9228D2C7600237381 /* gif */,
				DD713F6921D0DDF500F44956 /* ChenYuTetris */,
				DD713F6821D0DDF500F44956 /* Products */,
			);
			sourceTree = "<group>";
		};
		DD713F6821D0DDF500F44956 /* Products */ = {
			isa = PBXGroup;
			children = (
				DD713F6721D0DDF500F44956 /* ChenYuTetris.app */,
			);
			name = Products;
			sourceTree = "<group>";
		};
		DD713F6921D0DDF500F44956 /* ChenYuTetris */ = {
			isa = PBXGroup;
			children = (
				DD713F7621D0DDF900F44956 /* Info.plist */,
				DDF45E0F228B0CFA00CD10F3 /* Assets.xcassets */,
				DD713F7321D0DDF900F44956 /* LaunchScreen.storyboard */,
				DD713F6E21D0DDF500F44956 /* Main.storyboard */,
				DDF45E0D228B0CFA00CD10F3 /* CYTAppDelegate.swift */,
				DDF45E0E228B0CFA00CD10F3 /* CYTGameViewController.swift */,
				DDF45E0B228B0CFA00CD10F3 /* CYTGameView.swift */,
				DDF45E0A228B0CF900CD10F3 /* CYTGame.swift */,
				DDF45E09228B0CF900CD10F3 /* CYTTetromino.swift */,
			);
			path = ChenYuTetris;
			sourceTree = "<group>";
		};
/* End PBXGroup section */

/* Begin PBXNativeTarget section */
		DD713F6621D0DDF500F44956 /* ChenYuTetris */ = {
			isa = PBXNativeTarget;
			buildConfigurationList = DD713F7921D0DDF900F44956 /* Build configuration list for PBXNativeTarget "ChenYuTetris" */;
			buildPhases = (
				DD713F6321D0DDF500F44956 /* Sources */,
				DD713F6421D0DDF500F44956 /* Frameworks */,
				DD713F6521D0DDF500F44956 /* Resources */,
			);
			buildRules = (
			);
			dependencies = (
			);
			name = ChenYuTetris;
			productName = ChenYuTetris;
			productReference = DD713F6721D0DDF500F44956 /* ChenYuTetris.app */;
			productType = "com.apple.product-type.application";
		};
/* End PBXNativeTarget section */

/* Begin PBXProject section */
		DD713F5F21D0DDF500F44956 /* Project object */ = {
			isa = PBXProject;
			attributes = {
				KnownAssetTags = (
					stack1,
				);
				LastSwiftUpdateCheck = 1010;
				LastUpgradeCheck = 1010;
				ORGANIZATIONNAME = "陈宇";
				TargetAttributes = {
					DD713F6621D0DDF500F44956 = {
						CreatedOnToolsVersion = 10.1;
					};
				};
			};
			buildConfigurationList = DD713F6221D0DDF500F44956 /* Build configuration list for PBXProject "ChenYuTetris" */;
			compatibilityVersion = "Xcode 9.3";
			developmentRegion = en;
			hasScannedForEncodings = 0;
			knownRegions = (
				en,
				Base,
			);
			mainGroup = DD713F5E21D0DDF500F44956;
			productRefGroup = DD713F6821D0DDF500F44956 /* Products */;
			projectDirPath = "";
			projectRoot = "";
			targets = (
				DD713F6621D0DDF500F44956 /* ChenYuTetris */,
			);
		};
/* End PBXProject section */

/* Begin PBXResourcesBuildPhase section */
		DD713F6521D0DDF500F44956 /* Resources */ = {
			isa = PBXResourcesBuildPhase;
			buildActionMask = 2147483647;
			files = (
				DD713F7521D0DDF900F44956 /* LaunchScreen.storyboard in Resources */,
				DDE39BCA228D2C7600237381 /* gif in Resources */,
				DD713F7021D0DDF500F44956 /* Main.storyboard in Resources */,
				DDF45E17228B0CFA00CD10F3 /* Assets.xcassets in Resources */,
			);
			runOnlyForDeploymentPostprocessing = 0;
		};
/* End PBXResourcesBuildPhase section */

/* Begin PBXSourcesBuildPhase section */
		DD713F6321D0DDF500F44956 /* Sources */ = {
			isa = PBXSourcesBuildPhase;
			buildActionMask = 2147483647;
			files = (
				DDF45E13228B0CFA00CD10F3 /* CYTGameView.swift in Sources */,
				DDF45E15228B0CFA00CD10F3 /* CYTAppDelegate.swift in Sources */,
				DDF45E12228B0CFA00CD10F3 /* CYTGame.swift in Sources */,
				DDF45E11228B0CFA00CD10F3 /* CYTTetromino.swift in Sources */,
				DDF45E16228B0CFA00CD10F3 /* CYTGameViewController.swift in Sources */,
			);
			runOnlyForDeploymentPostprocessing = 0;
		};
/* End PBXSourcesBuildPhase section */

/* Begin PBXVariantGroup section */
		DD713F6E21D0DDF500F44956 /* Main.storyboard */ = {
			isa = PBXVariantGroup;
			children = (
				DD713F6F21D0DDF500F44956 /* Base */,
			);
			name = Main.storyboard;
			sourceTree = "<group>";
		};
		DD713F7321D0DDF900F44956 /* LaunchScreen.storyboard */ = {
			isa = PBXVariantGroup;
			children = (
				DD713F7421D0DDF900F44956 /* Base */,
			);
			name = LaunchScreen.storyboard;
			sourceTree = "<group>";
		};
/* End PBXVariantGroup section */

/* Begin XCBuildConfiguration section */
		DD713F7721D0DDF900F44956 /* Debug */ = {
			isa = XCBuildConfiguration;
			buildSettings = {
				ALWAYS_SEARCH_USER_PATHS = NO;
				CLANG_ANALYZER_LOCALIZABILITY_NONLOCALIZED = YES;
				CLANG_ANALYZER_NONNULL = YES;
				CLANG_ANALYZER_NUMBER_OBJECT_CONVERSION = YES_AGGRESSIVE;
				CLANG_CXX_LANGUAGE_STANDARD = "gnu++14";
				CLANG_CXX_LIBRARY = "libc++";
				CLANG_ENABLE_MODULES = YES;
				CLANG_ENABLE_OBJC_ARC = YES;
				CLANG_ENABLE_OBJC_WEAK = YES;
				CLANG_WARN_BLOCK_CAPTURE_AUTORELEASING = YES;
				CLANG_WARN_BOOL_CONVERSION = YES;
				CLANG_WARN_COMMA = YES;
				CLANG_WARN_CONSTANT_CONVERSION = YES;
				CLANG_WARN_DEPRECATED_OBJC_IMPLEMENTATIONS = YES;
				CLANG_WARN_DIRECT_OBJC_ISA_USAGE = YES_ERROR;
				CLANG_WARN_DOCUMENTATION_COMMENTS = YES;
				CLANG_WARN_EMPTY_BODY = YES;
				CLANG_WARN_ENUM_CONVERSION = YES;
				CLANG_WARN_INFINITE_RECURSION = YES;
				CLANG_WARN_INT_CONVERSION = YES;
				CLANG_WARN_NON_LITERAL_NULL_CONVERSION = YES;
				CLANG_WARN_OBJC_IMPLICIT_RETAIN_SELF = YES;
				CLANG_WARN_OBJC_LITERAL_CONVERSION = YES;
				CLANG_WARN_OBJC_ROOT_CLASS = YES_ERROR;
				CLANG_WARN_RANGE_LOOP_ANALYSIS = YES;
				CLANG_WARN_STRICT_PROTOTYPES = YES;
				CLANG_WARN_SUSPICIOUS_MOVE = YES;
				CLANG_WARN_UNGUARDED_AVAILABILITY = YES_AGGRESSIVE;
				CLANG_WARN_UNREACHABLE_CODE = YES;
				CLANG_WARN__DUPLICATE_METHOD_MATCH = YES;
				CODE_SIGN_IDENTITY = "iPhone Developer";
				COPY_PHASE_STRIP = NO;
				DEBUG_INFORMATION_FORMAT = dwarf;
				ENABLE_STRICT_OBJC_MSGSEND = YES;
				ENABLE_TESTABILITY = YES;
				GCC_C_LANGUAGE_STANDARD = gnu11;
				GCC_DYNAMIC_NO_PIC = NO;
				GCC_NO_COMMON_BLOCKS = YES;
				GCC_OPTIMIZATION_LEVEL = 0;
				GCC_PREPROCESSOR_DEFINITIONS = (
					"DEBUG=1",
					"$(inherited)",
				);
				GCC_WARN_64_TO_32_BIT_CONVERSION = YES;
				GCC_WARN_ABOUT_RETURN_TYPE = YES_ERROR;
				GCC_WARN_UNDECLARED_SELECTOR = YES;
				GCC_WARN_UNINITIALIZED_AUTOS = YES_AGGRESSIVE;
				GCC_WARN_UNUSED_FUNCTION = YES;
				GCC_WARN_UNUSED_VARIABLE = YES;
				IPHONEOS_DEPLOYMENT_TARGET = 12.1;
				MTL_ENABLE_DEBUG_INFO = INCLUDE_SOURCE;
				MTL_FAST_MATH = YES;
				ONLY_ACTIVE_ARCH = YES;
				SDKROOT = iphoneos;
				SWIFT_ACTIVE_COMPILATION_CONDITIONS = DEBUG;
				SWIFT_OPTIMIZATION_LEVEL = "-Onone";
			};
			name = Debug;
		};
		DD713F7821D0DDF900F44956 /* Release */ = {
			isa = XCBuildConfiguration;
			buildSettings = {
				ALWAYS_SEARCH_USER_PATHS = NO;
				CLANG_ANALYZER_LOCALIZABILITY_NONLOCALIZED = YES;
				CLANG_ANALYZER_NONNULL = YES;
				CLANG_ANALYZER_NUMBER_OBJECT_CONVERSION = YES_AGGRESSIVE;
				CLANG_CXX_LANGUAGE_STANDARD = "gnu++14";
				CLANG_CXX_LIBRARY = "libc++";
				CLANG_ENABLE_MODULES = YES;
				CLANG_ENABLE_OBJC_ARC = YES;
				CLANG_ENABLE_OBJC_WEAK = YES;
				CLANG_WARN_BLOCK_CAPTURE_AUTORELEASING = YES;
				CLANG_WARN_BOOL_CONVERSION = YES;
				CLANG_WARN_COMMA = YES;
				CLANG_WARN_CONSTANT_CONVERSION = YES;
				CLANG_WARN_DEPRECATED_OBJC_IMPLEMENTATIONS = YES;
				CLANG_WARN_DIRECT_OBJC_ISA_USAGE = YES_ERROR;
				CLANG_WARN_DOCUMENTATION_COMMENTS = YES;
				CLANG_WARN_EMPTY_BODY = YES;
				CLANG_WARN_ENUM_CONVERSION = YES;
				CLANG_WARN_INFINITE_RECURSION = YES;
				CLANG_WARN_INT_CONVERSION = YES;
				CLANG_WARN_NON_LITERAL_NULL_CONVERSION = YES;
				CLANG_WARN_OBJC_IMPLICIT_RETAIN_SELF = YES;
				CLANG_WARN_OBJC_LITERAL_CONVERSION = YES;
				CLANG_WARN_OBJC_ROOT_CLASS = YES_ERROR;
				CLANG_WARN_RANGE_LOOP_ANALYSIS = YES;
				CLANG_WARN_STRICT_PROTOTYPES = YES;
				CLANG_WARN_SUSPICIOUS_MOVE = YES;
				CLANG_WARN_UNGUARDED_AVAILABILITY = YES_AGGRESSIVE;
				CLANG_WARN_UNREACHABLE_CODE = YES;
				CLANG_WARN__DUPLICATE_METHOD_MATCH = YES;
				CODE_SIGN_IDENTITY = "iPhone Developer";
				COPY_PHASE_STRIP = NO;
				DEBUG_INFORMATION_FORMAT = "dwarf-with-dsym";
				ENABLE_NS_ASSERTIONS = NO;
				ENABLE_STRICT_OBJC_MSGSEND = YES;
				GCC_C_LANGUAGE_STANDARD = gnu11;
				GCC_NO_COMMON_BLOCKS = YES;
				GCC_WARN_64_TO_32_BIT_CONVERSION = YES;
				GCC_WARN_ABOUT_RETURN_TYPE = YES_ERROR;
				GCC_WARN_UNDECLARED_SELECTOR = YES;
				GCC_WARN_UNINITIALIZED_AUTOS = YES_AGGRESSIVE;
				GCC_WARN_UNUSED_FUNCTION = YES;
				GCC_WARN_UNUSED_VARIABLE = YES;
				IPHONEOS_DEPLOYMENT_TARGET = 12.1;
				MTL_ENABLE_DEBUG_INFO = NO;
				MTL_FAST_MATH = YES;
				SDKROOT = iphoneos;
				SWIFT_COMPILATION_MODE = wholemodule;
				SWIFT_OPTIMIZATION_LEVEL = "-O";
				VALIDATE_PRODUCT = YES;
			};
			name = Release;
		};
		DD713F7A21D0DDF900F44956 /* Debug */ = {
			isa = XCBuildConfiguration;
			buildSettings = {
				ASSETCATALOG_COMPILER_APPICON_NAME = AppIcon;
				CODE_SIGN_STYLE = Automatic;
				DEVELOPMENT_TEAM = RUH275Z6TK;
				INFOPLIST_FILE = ChenYuTetris/Info.plist;
				IPHONEOS_DEPLOYMENT_TARGET = 10.0;
				LD_RUNPATH_SEARCH_PATHS = (
					"$(inherited)",
					"@executable_path/Frameworks",
				);
				PRODUCT_BUNDLE_IDENTIFIER = com.mrchenyu0302.ChenYuTetris;
				PRODUCT_NAME = "$(TARGET_NAME)";
				SWIFT_VERSION = 4.2;
				TARGETED_DEVICE_FAMILY = 1;
			};
			name = Debug;
		};
		DD713F7B21D0DDF900F44956 /* Release */ = {
			isa = XCBuildConfiguration;
			buildSettings = {
				ASSETCATALOG_COMPILER_APPICON_NAME = AppIcon;
				CODE_SIGN_STYLE = Automatic;
				DEVELOPMENT_TEAM = RUH275Z6TK;
				INFOPLIST_FILE = ChenYuTetris/Info.plist;
				IPHONEOS_DEPLOYMENT_TARGET = 10.0;
				LD_RUNPATH_SEARCH_PATHS = (
					"$(inherited)",
					"@executable_path/Frameworks",
				);
				PRODUCT_BUNDLE_IDENTIFIER = com.mrchenyu0302.ChenYuTetris;
				PRODUCT_NAME = "$(TARGET_NAME)";
				SWIFT_VERSION = 4.2;
				TARGETED_DEVICE_FAMILY = 1;
			};
			name = Release;
		};
/* End XCBuildConfiguration section */

/* Begin XCConfigurationList section */
		DD713F6221D0DDF500F44956 /* Build configuration list for PBXProject "ChenYuTetris" */ = {
			isa = XCConfigurationList;
			buildConfigurations = (
				DD713F7721D0DDF900F44956 /* Debug */,
				DD713F7821D0DDF900F44956 /* Release */,
			);
			defaultConfigurationIsVisible = 0;
			defaultConfigurationName = Release;
		};
		DD713F7921D0DDF900F44956 /* Build configuration list for PBXNativeTarget "ChenYuTetris" */ = {
			isa = XCConfigurationList;
			buildConfigurations = (
				DD713F7A21D0DDF900F44956 /* Debug */,
				DD713F7B21D0DDF900F44956 /* Release */,
			);
			defaultConfigurationIsVisible = 0;
			defaultConfigurationName = Release;
		};
/* End XCConfigurationList section */
	};
	rootObject = DD713F5F21D0DDF500F44956 /* Project object */;
}
